{
    "_readme": [
        "This file locks the dependencies of your project to a known state",
        "Read more about it at https://getcomposer.org/doc/01-basic-usage.md#installing-dependencies",
        "This file is @generated automatically"
    ],
    "content-hash": "0084053e9f1e8b3a82cad135cfe94eb6",
    "packages": [
        {
            "name": "dantsu/php-image-editor",
            "version": "1.4.5",
            "source": {
                "type": "git",
                "url": "https://github.com/DantSu/php-image-editor.git",
                "reference": "59a3e922000767051d380a2c530c61344f1e79ec"
            },
            "dist": {
                "type": "zip",
                "url": "https://api.github.com/repos/DantSu/php-image-editor/zipball/59a3e922000767051d380a2c530c61344f1e79ec",
                "reference": "59a3e922000767051d380a2c530c61344f1e79ec",
                "shasum": ""
            },
            "require": {
                "ext-gd": "*",
                "php": ">=7.0"
            },
            "type": "library",
            "autoload": {
                "psr-4": {
                    "DantSu\\PHPImageEditor\\": "src/"
                }
            },
            "notification-url": "https://packagist.org/downloads/",
            "license": [
                "MIT"
            ],
            "authors": [
                {
                    "name": "Franck ALARY",
                    "homepage": "https://github.com/DantSu",
                    "role": "Developer"
                }
            ],
            "description": "PHP library to easily edit image with GD extension.",
            "homepage": "https://github.com/DantSu/php-image-editor",
            "keywords": [
                "GD2",
                "edit",
                "edition",
                "editor",
                "image",
                "photo",
                "php",
                "picture"
            ],
            "support": {
                "issues": "https://github.com/DantSu/php-image-editor/issues",
                "source": "https://github.com/DantSu/php-image-editor/tree/1.4.5"
            },
            "funding": [
                {
                    "url": "https://github.com/DantSu",
                    "type": "github"
                }
            ],
            "time": "2023-08-23T07:36:11+00:00"
        }
    ],
    "packages-dev": [],
    "aliases": [],
    "minimum-stability": "stable",
    "stability-flags": [],
    "prefer-stable": false,
    "prefer-lowest": false,
    "platform": [],
    "platform-dev": [],
    "plugin-api-version": "2.6.0"
}
